
Microsoft Visual Studio Solution File, Format Version 12.00
# Visual Studio Version 17
VisualStudioVersion = 17.11.35312.102
MinimumVisualStudioVersion = 10.0.40219.1
Project("{9A19103F-16F7-4668-BE54-9A1E7A4F7556}") = "Pronia.MVC", "Pronia.MVC\Pronia.MVC.csproj", "{CEEFB97F-954C-4214-91FB-9CB1D0FD0545}"
EndProject
Project("{9A19103F-16F7-4668-BE54-9A1E7A4F7556}") = "Pronia.DAL", "Pronia.DAL\Pronia.DAL.csproj", "{2D4943D8-E78E-4EBB-AC7F-CC06B865952F}"
EndProject
Project("{FAE04EC0-301F-11D3-BF4B-00C04F79EFBC}") = "Pronia.BL", "Pronia.BL\Pronia.BL.csproj", "{DB4A8DCE-8EBD-4535-8E2B-714EE73A3D7A}"
EndProject
Global
	GlobalSection(SolutionConfigurationPlatforms) = preSolution
		Debug|Any CPU = Debug|Any CPU
		Release|Any CPU = Release|Any CPU
	EndGlobalSection
	GlobalSection(ProjectConfigurationPlatforms) = postSolution
		{CEEFB97F-954C-4214-91FB-9CB1D0FD0545}.Debug|Any CPU.ActiveCfg = Debug|Any CPU
		{CEEFB97F-954C-4214-91FB-9CB1D0FD0545}.Debug|Any CPU.Build.0 = Debug|Any CPU
		{CEEFB97F-954C-4214-91FB-9CB1D0FD0545}.Release|Any CPU.ActiveCfg = Release|Any CPU
		{CEEFB97F-954C-4214-91FB-9CB1D0FD0545}.Release|Any CPU.Build.0 = Release|Any CPU
		{2D4943D8-E78E-4EBB-AC7F-CC06B865952F}.Debug|Any CPU.ActiveCfg = Debug|Any CPU
		{2D4943D8-E78E-4EBB-AC7F-CC06B865952F}.Debug|Any CPU.Build.0 = Debug|Any CPU
		{2D4943D8-E78E-4EBB-AC7F-CC06B865952F}.Release|Any CPU.ActiveCfg = Release|Any CPU
		{2D4943D8-E78E-4EBB-AC7F-CC06B865952F}.Release|Any CPU.Build.0 = Release|Any CPU
		{DB4A8DCE-8EBD-4535-8E2B-714EE73A3D7A}.Debug|Any CPU.ActiveCfg = Debug|Any CPU
		{DB4A8DCE-8EBD-4535-8E2B-714EE73A3D7A}.Debug|Any CPU.Build.0 = Debug|Any CPU
		{DB4A8DCE-8EBD-4535-8E2B-714EE73A3D7A}.Release|Any CPU.ActiveCfg = Release|Any CPU
		{DB4A8DCE-8EBD-4535-8E2B-714EE73A3D7A}.Release|Any CPU.Build.0 = Release|Any CPU
	EndGlobalSection
	GlobalSection(SolutionProperties) = preSolution
		HideSolutionNode = FALSE
	EndGlobalSection
	GlobalSection(ExtensibilityGlobals) = postSolution
		SolutionGuid = {E46928F9-5616-4291-8591-362253BEC651}
	EndGlobalSection
EndGlobal
